// !$*UTF8*$!
{
	archiveVersion = 1;
	classes = {
	};
	objectVersion = 51;
	objects = {

/* Begin PBXBuildFile section */
		37098D2525065B5500E4996A /* StatisticsCell.swift in Sources */ = {isa = PBXBuildFile; fileRef = 37098D2425065B5500E4996A /* StatisticsCell.swift */; };
		37098D2725065C3200E4996A /* StationStatistics.swift in Sources */ = {isa = PBXBuildFile; fileRef = 37098D2625065C3200E4996A /* StationStatistics.swift */; };
		37098D292506619900E4996A /* FirebaseSynchronizer.swift in Sources */ = {isa = PBXBuildFile; fileRef = 37098D282506619900E4996A /* FirebaseSynchronizer.swift */; };
		37098D2B250667C600E4996A /* Converter.swift in Sources */ = {isa = PBXBuildFile; fileRef = 37098D2A250667C600E4996A /* Converter.swift */; };
		3723F10F2506586E00449149 /* RefuelingsVC.swift in Sources */ = {isa = PBXBuildFile; fileRef = 3723F10E2506586E00449149 /* RefuelingsVC.swift */; };
		376BE48725051E580003F313 /* StationCell.swift in Sources */ = {isa = PBXBuildFile; fileRef = 376BE48625051E580003F313 /* StationCell.swift */; };
		376BE48925052A120003F313 /* EditStationVC.swift in Sources */ = {isa = PBXBuildFile; fileRef = 376BE48825052A120003F313 /* EditStationVC.swift */; };
		376BE48B250553D90003F313 /* AddRefuelingVC.swift in Sources */ = {isa = PBXBuildFile; fileRef = 376BE48A250553D90003F313 /* AddRefuelingVC.swift */; };
		379945AC2503BD6500172BDB /* AppDelegate.swift in Sources */ = {isa = PBXBuildFile; fileRef = 379945AB2503BD6500172BDB /* AppDelegate.swift */; };
		379945AE2503BD6500172BDB /* SceneDelegate.swift in Sources */ = {isa = PBXBuildFile; fileRef = 379945AD2503BD6500172BDB /* SceneDelegate.swift */; };
		379945B02503BD6500172BDB /* StationsVC.swift in Sources */ = {isa = PBXBuildFile; fileRef = 379945AF2503BD6500172BDB /* StationsVC.swift */; };
		379945B32503BD6500172BDB /* Main.storyboard in Resources */ = {isa = PBXBuildFile; fileRef = 379945B12503BD6500172BDB /* Main.storyboard */; };
		379945B62503BD6500172BDB /* TrackEnsure.xcdatamodeld in Sources */ = {isa = PBXBuildFile; fileRef = 379945B42503BD6500172BDB /* TrackEnsure.xcdatamodeld */; };
		379945B82503BD6900172BDB /* Assets.xcassets in Resources */ = {isa = PBXBuildFile; fileRef = 379945B72503BD6900172BDB /* Assets.xcassets */; };
		379945BB2503BD6900172BDB /* LaunchScreen.storyboard in Resources */ = {isa = PBXBuildFile; fileRef = 379945B92503BD6900172BDB /* LaunchScreen.storyboard */; };
		37A1859A2503C7FA002E149A /* CoreDataManager.swift in Sources */ = {isa = PBXBuildFile; fileRef = 37A185992503C7FA002E149A /* CoreDataManager.swift */; };
		37A1859C2503D183002E149A /* NewStationVC.swift in Sources */ = {isa = PBXBuildFile; fileRef = 37A1859B2503D183002E149A /* NewStationVC.swift */; };
		37A1859E2503D190002E149A /* Constants.swift in Sources */ = {isa = PBXBuildFile; fileRef = 37A1859D2503D190002E149A /* Constants.swift */; };
		37A185A02503D44D002E149A /* AlertManager.swift in Sources */ = {isa = PBXBuildFile; fileRef = 37A1859F2503D44D002E149A /* AlertManager.swift */; };
		37A185A22503D732002E149A /* SelectLocationVC.swift in Sources */ = {isa = PBXBuildFile; fileRef = 37A185A12503D732002E149A /* SelectLocationVC.swift */; };
		37F70E7E2503C0F6008D6EB9 /* GoogleService-Info.plist in Resources */ = {isa = PBXBuildFile; fileRef = 37F70E7D2503C0F6008D6EB9 /* GoogleService-Info.plist */; };
		D48ACCD51B7D99A4B1AFD116 /* Pods_TrackEnsure.framework in Frameworks */ = {isa = PBXBuildFile; fileRef = ACEB005CA7C4652AB59A8CCD /* Pods_TrackEnsure.framework */; };
/* End PBXBuildFile section */

/* Begin PBXFileReference section */
		2141C0DC9C4B482EF5953F7F /* Pods-TrackEnsure.debug.xcconfig */ = {isa = PBXFileReference; includeInIndex = 1; lastKnownFileType = text.xcconfig; name = "Pods-TrackEnsure.debug.xcconfig"; path = "Target Support Files/Pods-TrackEnsure/Pods-TrackEnsure.debug.xcconfig"; sourceTree = "<group>"; };
		37098D2425065B5500E4996A /* StatisticsCell.swift */ = {isa = PBXFileReference; lastKnownFileType = sourcecode.swift; path = StatisticsCell.swift; sourceTree = "<group>"; };
		37098D2625065C3200E4996A /* StationStatistics.swift */ = {isa = PBXFileReference; lastKnownFileType = sourcecode.swift; path = StationStatistics.swift; sourceTree = "<group>"; };
		37098D282506619900E4996A /* FirebaseSynchronizer.swift */ = {isa = PBXFileReference; lastKnownFileType = sourcecode.swift; path = FirebaseSynchronizer.swift; sourceTree = "<group>"; };
		37098D2A250667C600E4996A /* Converter.swift */ = {isa = PBXFileReference; lastKnownFileType = sourcecode.swift; path = Converter.swift; sourceTree = "<group>"; };
		3723F10E2506586E00449149 /* RefuelingsVC.swift */ = {isa = PBXFileReference; lastKnownFileType = sourcecode.swift; path = RefuelingsVC.swift; sourceTree = "<group>"; };
		376BE48625051E580003F313 /* StationCell.swift */ = {isa = PBXFileReference; lastKnownFileType = sourcecode.swift; path = StationCell.swift; sourceTree = "<group>"; };
		376BE48825052A120003F313 /* EditStationVC.swift */ = {isa = PBXFileReference; lastKnownFileType = sourcecode.swift; path = EditStationVC.swift; sourceTree = "<group>"; };
		376BE48A250553D90003F313 /* AddRefuelingVC.swift */ = {isa = PBXFileReference; lastKnownFileType = sourcecode.swift; path = AddRefuelingVC.swift; sourceTree = "<group>"; };
		379945A82503BD6500172BDB /* TrackEnsure.app */ = {isa = PBXFileReference; explicitFileType = wrapper.application; includeInIndex = 0; path = TrackEnsure.app; sourceTree = BUILT_PRODUCTS_DIR; };
		379945AB2503BD6500172BDB /* AppDelegate.swift */ = {isa = PBXFileReference; lastKnownFileType = sourcecode.swift; path = AppDelegate.swift; sourceTree = "<group>"; };
		379945AD2503BD6500172BDB /* SceneDelegate.swift */ = {isa = PBXFileReference; lastKnownFileType = sourcecode.swift; path = SceneDelegate.swift; sourceTree = "<group>"; };
		379945AF2503BD6500172BDB /* StationsVC.swift */ = {isa = PBXFileReference; lastKnownFileType = sourcecode.swift; path = StationsVC.swift; sourceTree = "<group>"; };
		379945B22503BD6500172BDB /* Base */ = {isa = PBXFileReference; lastKnownFileType = file.storyboard; name = Base; path = Base.lproj/Main.storyboard; sourceTree = "<group>"; };
		379945B52503BD6500172BDB /* TrackEnsure.xcdatamodel */ = {isa = PBXFileReference; lastKnownFileType = wrapper.xcdatamodel; path = TrackEnsure.xcdatamodel; sourceTree = "<group>"; };
		379945B72503BD6900172BDB /* Assets.xcassets */ = {isa = PBXFileReference; lastKnownFileType = folder.assetcatalog; path = Assets.xcassets; sourceTree = "<group>"; };
		379945BA2503BD6900172BDB /* Base */ = {isa = PBXFileReference; lastKnownFileType = file.storyboard; name = Base; path = Base.lproj/LaunchScreen.storyboard; sourceTree = "<group>"; };
		379945BC2503BD6900172BDB /* Info.plist */ = {isa = PBXFileReference; lastKnownFileType = text.plist.xml; path = Info.plist; sourceTree = "<group>"; };
		37A185992503C7FA002E149A /* CoreDataManager.swift */ = {isa = PBXFileReference; lastKnownFileType = sourcecode.swift; path = CoreDataManager.swift; sourceTree = "<group>"; };
		37A1859B2503D183002E149A /* NewStationVC.swift */ = {isa = PBXFileReference; lastKnownFileType = sourcecode.swift; path = NewStationVC.swift; sourceTree = "<group>"; };
		37A1859D2503D190002E149A /* Constants.swift */ = {isa = PBXFileReference; lastKnownFileType = sourcecode.swift; path = Constants.swift; sourceTree = "<group>"; };
		37A1859F2503D44D002E149A /* AlertManager.swift */ = {isa = PBXFileReference; lastKnownFileType = sourcecode.swift; path = AlertManager.swift; sourceTree = "<group>"; };
		37A185A12503D732002E149A /* SelectLocationVC.swift */ = {isa = PBXFileReference; lastKnownFileType = sourcecode.swift; path = SelectLocationVC.swift; sourceTree = "<group>"; };
		37F70E7D2503C0F6008D6EB9 /* GoogleService-Info.plist */ = {isa = PBXFileReference; fileEncoding = 4; lastKnownFileType = text.plist.xml; path = "GoogleService-Info.plist"; sourceTree = "<group>"; };
		ACEB005CA7C4652AB59A8CCD /* Pods_TrackEnsure.framework */ = {isa = PBXFileReference; explicitFileType = wrapper.framework; includeInIndex = 0; path = Pods_TrackEnsure.framework; sourceTree = BUILT_PRODUCTS_DIR; };
		AE85DD5D6F44C78D3C611F90 /* Pods-TrackEnsure.release.xcconfig */ = {isa = PBXFileReference; includeInIndex = 1; lastKnownFileType = text.xcconfig; name = "Pods-TrackEnsure.release.xcconfig"; path = "Target Support Files/Pods-TrackEnsure/Pods-TrackEnsure.release.xcconfig"; sourceTree = "<group>"; };
/* End PBXFileReference section */

/* Begin PBXFrameworksBuildPhase section */
		379945A52503BD6500172BDB /* Frameworks */ = {
			isa = PBXFrameworksBuildPhase;
			buildActionMask = 2147483647;
			files = (
				D48ACCD51B7D99A4B1AFD116 /* Pods_TrackEnsure.framework in Frameworks */,
			);
			runOnlyForDeploymentPostprocessing = 0;
		};
/* End PBXFrameworksBuildPhase section */

/* Begin PBXGroup section */
		3799459F2503BD6500172BDB = {
			isa = PBXGroup;
			children = (
				379945AA2503BD6500172BDB /* TrackEnsure */,
				379945A92503BD6500172BDB /* Products */,
				4BC619BFBE5AF0B89769F111 /* Pods */,
				B9D915306A9F232611631889 /* Frameworks */,
			);
			sourceTree = "<group>";
		};
		379945A92503BD6500172BDB /* Products */ = {
			isa = PBXGroup;
			children = (
				379945A82503BD6500172BDB /* TrackEnsure.app */,
			);
			name = Products;
			sourceTree = "<group>";
		};
		379945AA2503BD6500172BDB /* TrackEnsure */ = {
			isa = PBXGroup;
			children = (
				37F70E872503C2D0008D6EB9 /* AppDelegate */,
				37F70E862503C2BA008D6EB9 /* Extensions */,
				37F70E852503C2B5008D6EB9 /* Model */,
				37F70E842503C2A9008D6EB9 /* ViewModel */,
				37F70E832503C2A2008D6EB9 /* View */,
				37F70E822503C29D008D6EB9 /* Controller */,
				37F70E812503C298008D6EB9 /* Storyboards */,
				37F70E802503C290008D6EB9 /* Resources */,
				37F70E7F2503C286008D6EB9 /* Supporting Files */,
				37F70E7D2503C0F6008D6EB9 /* GoogleService-Info.plist */,
				379945BC2503BD6900172BDB /* Info.plist */,
			);
			path = TrackEnsure;
			sourceTree = "<group>";
		};
		37F70E7F2503C286008D6EB9 /* Supporting Files */ = {
			isa = PBXGroup;
			children = (
				37A185992503C7FA002E149A /* CoreDataManager.swift */,
				37A1859D2503D190002E149A /* Constants.swift */,
				37A1859F2503D44D002E149A /* AlertManager.swift */,
				37098D282506619900E4996A /* FirebaseSynchronizer.swift */,
			);
			path = "Supporting Files";
			sourceTree = "<group>";
		};
		37F70E802503C290008D6EB9 /* Resources */ = {
			isa = PBXGroup;
			children = (
				379945B72503BD6900172BDB /* Assets.xcassets */,
			);
			path = Resources;
			sourceTree = "<group>";
		};
		37F70E812503C298008D6EB9 /* Storyboards */ = {
			isa = PBXGroup;
			children = (
				379945B12503BD6500172BDB /* Main.storyboard */,
				379945B92503BD6900172BDB /* LaunchScreen.storyboard */,
			);
			path = Storyboards;
			sourceTree = "<group>";
		};
		37F70E822503C29D008D6EB9 /* Controller */ = {
			isa = PBXGroup;
			children = (
				379945AF2503BD6500172BDB /* StationsVC.swift */,
				37A1859B2503D183002E149A /* NewStationVC.swift */,
				37A185A12503D732002E149A /* SelectLocationVC.swift */,
				376BE48825052A120003F313 /* EditStationVC.swift */,
				376BE48A250553D90003F313 /* AddRefuelingVC.swift */,
				3723F10E2506586E00449149 /* RefuelingsVC.swift */,
			);
			path = Controller;
			sourceTree = "<group>";
		};
		37F70E832503C2A2008D6EB9 /* View */ = {
			isa = PBXGroup;
			children = (
				376BE48625051E580003F313 /* StationCell.swift */,
				37098D2425065B5500E4996A /* StatisticsCell.swift */,
			);
			path = View;
			sourceTree = "<group>";
		};
		37F70E842503C2A9008D6EB9 /* ViewModel */ = {
			isa = PBXGroup;
			children = (
				37098D2A250667C600E4996A /* Converter.swift */,
			);
			path = ViewModel;
			sourceTree = "<group>";
		};
		37F70E852503C2B5008D6EB9 /* Model */ = {
			isa = PBXGroup;
			children = (
				379945B42503BD6500172BDB /* TrackEnsure.xcdatamodeld */,
				37098D2625065C3200E4996A /* StationStatistics.swift */,
			);
			path = Model;
			sourceTree = "<group>";
		};
		37F70E862503C2BA008D6EB9 /* Extensions */ = {
			isa = PBXGroup;
			children = (
			);
			path = Extensions;
			sourceTree = "<group>";
		};
		37F70E872503C2D0008D6EB9 /* AppDelegate */ = {
			isa = PBXGroup;
			children = (
				379945AB2503BD6500172BDB /* AppDelegate.swift */,
				379945AD2503BD6500172BDB /* SceneDelegate.swift */,
			);
			path = AppDelegate;
			sourceTree = "<group>";
		};
		4BC619BFBE5AF0B89769F111 /* Pods */ = {
			isa = PBXGroup;
			children = (
				2141C0DC9C4B482EF5953F7F /* Pods-TrackEnsure.debug.xcconfig */,
				AE85DD5D6F44C78D3C611F90 /* Pods-TrackEnsure.release.xcconfig */,
			);
			path = Pods;
			sourceTree = "<group>";
		};
		B9D915306A9F232611631889 /* Frameworks */ = {
			isa = PBXGroup;
			children = (
				ACEB005CA7C4652AB59A8CCD /* Pods_TrackEnsure.framework */,
			);
			name = Frameworks;
			sourceTree = "<group>";
		};
/* End PBXGroup section */

/* Begin PBXNativeTarget section */
		379945A72503BD6500172BDB /* TrackEnsure */ = {
			isa = PBXNativeTarget;
			buildConfigurationList = 379945BF2503BD6900172BDB /* Build configuration list for PBXNativeTarget "TrackEnsure" */;
			buildPhases = (
				ACFF913AA68EECEDE47FAD34 /* [CP] Check Pods Manifest.lock */,
				379945A42503BD6500172BDB /* Sources */,
				379945A52503BD6500172BDB /* Frameworks */,
				379945A62503BD6500172BDB /* Resources */,
				5BB559A62EAF3C6F3DE887E7 /* [CP] Embed Pods Frameworks */,
			);
			buildRules = (
			);
			dependencies = (
			);
			name = TrackEnsure;
			productName = TrackEnsure;
			productReference = 379945A82503BD6500172BDB /* TrackEnsure.app */;
			productType = "com.apple.product-type.application";
		};
/* End PBXNativeTarget section */

/* Begin PBXProject section */
		379945A02503BD6500172BDB /* Project object */ = {
			isa = PBXProject;
			attributes = {
				LastSwiftUpdateCheck = 1170;
				LastUpgradeCheck = 1170;
				ORGANIZATIONNAME = "Денис Андриевский";
				TargetAttributes = {
					379945A72503BD6500172BDB = {
						CreatedOnToolsVersion = 11.7;
					};
				};
			};
			buildConfigurationList = 379945A32503BD6500172BDB /* Build configuration list for PBXProject "TrackEnsure" */;
			compatibilityVersion = "Xcode 9.3";
			developmentRegion = en;
			hasScannedForEncodings = 0;
			knownRegions = (
				en,
				Base,
			);
			mainGroup = 3799459F2503BD6500172BDB;
			productRefGroup = 379945A92503BD6500172BDB /* Products */;
			projectDirPath = "";
			projectRoot = "";
			targets = (
				379945A72503BD6500172BDB /* TrackEnsure */,
			);
		};
/* End PBXProject section */

/* Begin PBXResourcesBuildPhase section */
		379945A62503BD6500172BDB /* Resources */ = {
			isa = PBXResourcesBuildPhase;
			buildActionMask = 2147483647;
			files = (
				379945BB2503BD6900172BDB /* LaunchScreen.storyboard in Resources */,
				37F70E7E2503C0F6008D6EB9 /* GoogleService-Info.plist in Resources */,
				379945B82503BD6900172BDB /* Assets.xcassets in Resources */,
				379945B32503BD6500172BDB /* Main.storyboard in Resources */,
			);
			runOnlyForDeploymentPostprocessing = 0;
		};
/* End PBXResourcesBuildPhase section */

/* Begin PBXShellScriptBuildPhase section */
		5BB559A62EAF3C6F3DE887E7 /* [CP] Embed Pods Frameworks */ = {
			isa = PBXShellScriptBuildPhase;
			buildActionMask = 2147483647;
			files = (
			);
			inputFileListPaths = (
				"${PODS_ROOT}/Target Support Files/Pods-TrackEnsure/Pods-TrackEnsure-frameworks-${CONFIGURATION}-input-files.xcfilelist",
			);
			name = "[CP] Embed Pods Frameworks";
			outputFileListPaths = (
				"${PODS_ROOT}/Target Support Files/Pods-TrackEnsure/Pods-TrackEnsure-frameworks-${CONFIGURATION}-output-files.xcfilelist",
			);
			runOnlyForDeploymentPostprocessing = 0;
			shellPath = /bin/sh;
			shellScript = "\"${PODS_ROOT}/Target Support Files/Pods-TrackEnsure/Pods-TrackEnsure-frameworks.sh\"\n";
			showEnvVarsInLog = 0;
		};
		ACFF913AA68EECEDE47FAD34 /* [CP] Check Pods Manifest.lock */ = {
			isa = PBXShellScriptBuildPhase;
			buildActionMask = 2147483647;
			files = (
			);
			inputFileListPaths = (
			);
			inputPaths = (
				"${PODS_PODFILE_DIR_PATH}/Podfile.lock",
				"${PODS_ROOT}/Manifest.lock",
			);
			name = "[CP] Check Pods Manifest.lock";
			outputFileListPaths = (
			);
			outputPaths = (
				"$(DERIVED_FILE_DIR)/Pods-TrackEnsure-checkManifestLockResult.txt",
			);
			runOnlyForDeploymentPostprocessing = 0;
			shellPath = /bin/sh;
			shellScript = "diff \"${PODS_PODFILE_DIR_PATH}/Podfile.lock\" \"${PODS_ROOT}/Manifest.lock\" > /dev/null\nif [ $? != 0 ] ; then\n    # print error to STDERR\n    echo \"error: The sandbox is not in sync with the Podfile.lock. Run 'pod install' or update your CocoaPods installation.\" >&2\n    exit 1\nfi\n# This output is used by Xcode 'outputs' to avoid re-running this script phase.\necho \"SUCCESS\" > \"${SCRIPT_OUTPUT_FILE_0}\"\n";
			showEnvVarsInLog = 0;
		};
/* End PBXShellScriptBuildPhase section */

/* Begin PBXSourcesBuildPhase section */
		379945A42503BD6500172BDB /* Sources */ = {
			isa = PBXSourcesBuildPhase;
			buildActionMask = 2147483647;
			files = (
				376BE48725051E580003F313 /* StationCell.swift in Sources */,
				37A185A02503D44D002E149A /* AlertManager.swift in Sources */,
				379945B02503BD6500172BDB /* StationsVC.swift in Sources */,
				379945AC2503BD6500172BDB /* AppDelegate.swift in Sources */,
				37098D292506619900E4996A /* FirebaseSynchronizer.swift in Sources */,
				37098D2B250667C600E4996A /* Converter.swift in Sources */,
				379945AE2503BD6500172BDB /* SceneDelegate.swift in Sources */,
				37A1859A2503C7FA002E149A /* CoreDataManager.swift in Sources */,
				37098D2725065C3200E4996A /* StationStatistics.swift in Sources */,
				376BE48B250553D90003F313 /* AddRefuelingVC.swift in Sources */,
				3723F10F2506586E00449149 /* RefuelingsVC.swift in Sources */,
				37A1859E2503D190002E149A /* Constants.swift in Sources */,
				37A185A22503D732002E149A /* SelectLocationVC.swift in Sources */,
				37098D2525065B5500E4996A /* StatisticsCell.swift in Sources */,
				37A1859C2503D183002E149A /* NewStationVC.swift in Sources */,
				379945B62503BD6500172BDB /* TrackEnsure.xcdatamodeld in Sources */,
				376BE48925052A120003F313 /* EditStationVC.swift in Sources */,
			);
			runOnlyForDeploymentPostprocessing = 0;
		};
/* End PBXSourcesBuildPhase section */

/* Begin PBXVariantGroup section */
		379945B12503BD6500172BDB /* Main.storyboard */ = {
			isa = PBXVariantGroup;
			children = (
				379945B22503BD6500172BDB /* Base */,
			);
			name = Main.storyboard;
			sourceTree = "<group>";
		};
		379945B92503BD6900172BDB /* LaunchScreen.storyboard */ = {
			isa = PBXVariantGroup;
			children = (
				379945BA2503BD6900172BDB /* Base */,
			);
			name = LaunchScreen.storyboard;
			sourceTree = "<group>";
		};
/* End PBXVariantGroup section */

/* Begin XCBuildConfiguration section */
		379945BD2503BD6900172BDB /* Debug */ = {
			isa = XCBuildConfiguration;
			buildSettings = {
				ALWAYS_SEARCH_USER_PATHS = NO;
				CLANG_ANALYZER_NONNULL = YES;
				CLANG_ANALYZER_NUMBER_OBJECT_CONVERSION = YES_AGGRESSIVE;
				CLANG_CXX_LANGUAGE_STANDARD = "gnu++14";
				CLANG_CXX_LIBRARY = "libc++";
				CLANG_ENABLE_MODULES = YES;
				CLANG_ENABLE_OBJC_ARC = YES;
				CLANG_ENABLE_OBJC_WEAK = YES;
				CLANG_WARN_BLOCK_CAPTURE_AUTORELEASING = YES;
				CLANG_WARN_BOOL_CONVERSION = YES;
				CLANG_WARN_COMMA = YES;
				CLANG_WARN_CONSTANT_CONVERSION = YES;
				CLANG_WARN_DEPRECATED_OBJC_IMPLEMENTATIONS = YES;
				CLANG_WARN_DIRECT_OBJC_ISA_USAGE = YES_ERROR;
				CLANG_WARN_DOCUMENTATION_COMMENTS = YES;
				CLANG_WARN_EMPTY_BODY = YES;
				CLANG_WARN_ENUM_CONVERSION = YES;
				CLANG_WARN_INFINITE_RECURSION = YES;
				CLANG_WARN_INT_CONVERSION = YES;
				CLANG_WARN_NON_LITERAL_NULL_CONVERSION = YES;
				CLANG_WARN_OBJC_IMPLICIT_RETAIN_SELF = YES;
				CLANG_WARN_OBJC_LITERAL_CONVERSION = YES;
				CLANG_WARN_OBJC_ROOT_CLASS = YES_ERROR;
				CLANG_WARN_RANGE_LOOP_ANALYSIS = YES;
				CLANG_WARN_STRICT_PROTOTYPES = YES;
				CLANG_WARN_SUSPICIOUS_MOVE = YES;
				CLANG_WARN_UNGUARDED_AVAILABILITY = YES_AGGRESSIVE;
				CLANG_WARN_UNREACHABLE_CODE = YES;
				CLANG_WARN__DUPLICATE_METHOD_MATCH = YES;
				COPY_PHASE_STRIP = NO;
				DEBUG_INFORMATION_FORMAT = dwarf;
				ENABLE_STRICT_OBJC_MSGSEND = YES;
				ENABLE_TESTABILITY = YES;
				GCC_C_LANGUAGE_STANDARD = gnu11;
				GCC_DYNAMIC_NO_PIC = NO;
				GCC_NO_COMMON_BLOCKS = YES;
				GCC_OPTIMIZATION_LEVEL = 0;
				GCC_PREPROCESSOR_DEFINITIONS = (
					"DEBUG=1",
					"$(inherited)",
				);
				GCC_WARN_64_TO_32_BIT_CONVERSION = YES;
				GCC_WARN_ABOUT_RETURN_TYPE = YES_ERROR;
				GCC_WARN_UNDECLARED_SELECTOR = YES;
				GCC_WARN_UNINITIALIZED_AUTOS = YES_AGGRESSIVE;
				GCC_WARN_UNUSED_FUNCTION = YES;
				GCC_WARN_UNUSED_VARIABLE = YES;
				IPHONEOS_DEPLOYMENT_TARGET = 13.7;
				MTL_ENABLE_DEBUG_INFO = INCLUDE_SOURCE;
				MTL_FAST_MATH = YES;
				ONLY_ACTIVE_ARCH = YES;
				SDKROOT = iphoneos;
				SWIFT_ACTIVE_COMPILATION_CONDITIONS = DEBUG;
				SWIFT_OPTIMIZATION_LEVEL = "-Onone";
			};
			name = Debug;
		};
		379945BE2503BD6900172BDB /* Release */ = {
			isa = XCBuildConfiguration;
			buildSettings = {
				ALWAYS_SEARCH_USER_PATHS = NO;
				CLANG_ANALYZER_NONNULL = YES;
				CLANG_ANALYZER_NUMBER_OBJECT_CONVERSION = YES_AGGRESSIVE;
				CLANG_CXX_LANGUAGE_STANDARD = "gnu++14";
				CLANG_CXX_LIBRARY = "libc++";
				CLANG_ENABLE_MODULES = YES;
				CLANG_ENABLE_OBJC_ARC = YES;
				CLANG_ENABLE_OBJC_WEAK = YES;
				CLANG_WARN_BLOCK_CAPTURE_AUTORELEASING = YES;
				CLANG_WARN_BOOL_CONVERSION = YES;
				CLANG_WARN_COMMA = YES;
				CLANG_WARN_CONSTANT_CONVERSION = YES;
				CLANG_WARN_DEPRECATED_OBJC_IMPLEMENTATIONS = YES;
				CLANG_WARN_DIRECT_OBJC_ISA_USAGE = YES_ERROR;
				CLANG_WARN_DOCUMENTATION_COMMENTS = YES;
				CLANG_WARN_EMPTY_BODY = YES;
				CLANG_WARN_ENUM_CONVERSION = YES;
				CLANG_WARN_INFINITE_RECURSION = YES;
				CLANG_WARN_INT_CONVERSION = YES;
				CLANG_WARN_NON_LITERAL_NULL_CONVERSION = YES;
				CLANG_WARN_OBJC_IMPLICIT_RETAIN_SELF = YES;
				CLANG_WARN_OBJC_LITERAL_CONVERSION = YES;
				CLANG_WARN_OBJC_ROOT_CLASS = YES_ERROR;
				CLANG_WARN_RANGE_LOOP_ANALYSIS = YES;
				CLANG_WARN_STRICT_PROTOTYPES = YES;
				CLANG_WARN_SUSPICIOUS_MOVE = YES;
				CLANG_WARN_UNGUARDED_AVAILABILITY = YES_AGGRESSIVE;
				CLANG_WARN_UNREACHABLE_CODE = YES;
				CLANG_WARN__DUPLICATE_METHOD_MATCH = YES;
				COPY_PHASE_STRIP = NO;
				DEBUG_INFORMATION_FORMAT = "dwarf-with-dsym";
				ENABLE_NS_ASSERTIONS = NO;
				ENABLE_STRICT_OBJC_MSGSEND = YES;
				GCC_C_LANGUAGE_STANDARD = gnu11;
				GCC_NO_COMMON_BLOCKS = YES;
				GCC_WARN_64_TO_32_BIT_CONVERSION = YES;
				GCC_WARN_ABOUT_RETURN_TYPE = YES_ERROR;
				GCC_WARN_UNDECLARED_SELECTOR = YES;
				GCC_WARN_UNINITIALIZED_AUTOS = YES_AGGRESSIVE;
				GCC_WARN_UNUSED_FUNCTION = YES;
				GCC_WARN_UNUSED_VARIABLE = YES;
				IPHONEOS_DEPLOYMENT_TARGET = 13.7;
				MTL_ENABLE_DEBUG_INFO = NO;
				MTL_FAST_MATH = YES;
				SDKROOT = iphoneos;
				SWIFT_COMPILATION_MODE = wholemodule;
				SWIFT_OPTIMIZATION_LEVEL = "-O";
				VALIDATE_PRODUCT = YES;
			};
			name = Release;
		};
		379945C02503BD6900172BDB /* Debug */ = {
			isa = XCBuildConfiguration;
			baseConfigurationReference = 2141C0DC9C4B482EF5953F7F /* Pods-TrackEnsure.debug.xcconfig */;
			buildSettings = {
				ASSETCATALOG_COMPILER_APPICON_NAME = AppIcon;
				CODE_SIGN_STYLE = Automatic;
				DEVELOPMENT_TEAM = 452BPWXS55;
				INFOPLIST_FILE = TrackEnsure/Info.plist;
				IPHONEOS_DEPLOYMENT_TARGET = 13.0;
				LD_RUNPATH_SEARCH_PATHS = (
					"$(inherited)",
					"@executable_path/Frameworks",
				);
				PRODUCT_BUNDLE_IDENTIFIER = com.den444ick.TrackEnsure;
				PRODUCT_NAME = "$(TARGET_NAME)";
				SWIFT_VERSION = 5.0;
				TARGETED_DEVICE_FAMILY = 1;
			};
			name = Debug;
		};
		379945C12503BD6900172BDB /* Release */ = {
			isa = XCBuildConfiguration;
			baseConfigurationReference = AE85DD5D6F44C78D3C611F90 /* Pods-TrackEnsure.release.xcconfig */;
			buildSettings = {
				ASSETCATALOG_COMPILER_APPICON_NAME = AppIcon;
				CODE_SIGN_STYLE = Automatic;
				DEVELOPMENT_TEAM = 452BPWXS55;
				INFOPLIST_FILE = TrackEnsure/Info.plist;
				IPHONEOS_DEPLOYMENT_TARGET = 13.0;
				LD_RUNPATH_SEARCH_PATHS = (
					"$(inherited)",
					"@executable_path/Frameworks",
				);
				PRODUCT_BUNDLE_IDENTIFIER = com.den444ick.TrackEnsure;
				PRODUCT_NAME = "$(TARGET_NAME)";
				SWIFT_VERSION = 5.0;
				TARGETED_DEVICE_FAMILY = 1;
			};
			name = Release;
		};
/* End XCBuildConfiguration section */

/* Begin XCConfigurationList section */
		379945A32503BD6500172BDB /* Build configuration list for PBXProject "TrackEnsure" */ = {
			isa = XCConfigurationList;
			buildConfigurations = (
				379945BD2503BD6900172BDB /* Debug */,
				379945BE2503BD6900172BDB /* Release */,
			);
			defaultConfigurationIsVisible = 0;
			defaultConfigurationName = Release;
		};
		379945BF2503BD6900172BDB /* Build configuration list for PBXNativeTarget "TrackEnsure" */ = {
			isa = XCConfigurationList;
			buildConfigurations = (
				379945C02503BD6900172BDB /* Debug */,
				379945C12503BD6900172BDB /* Release */,
			);
			defaultConfigurationIsVisible = 0;
			defaultConfigurationName = Release;
		};
/* End XCConfigurationList section */

/* Begin XCVersionGroup section */
		379945B42503BD6500172BDB /* TrackEnsure.xcdatamodeld */ = {
			isa = XCVersionGroup;
			children = (
				379945B52503BD6500172BDB /* TrackEnsure.xcdatamodel */,
			);
			currentVersion = 379945B52503BD6500172BDB /* TrackEnsure.xcdatamodel */;
			path = TrackEnsure.xcdatamodeld;
			sourceTree = "<group>";
			versionGroupType = wrapper.xcdatamodel;
		};
/* End XCVersionGroup section */
	};
	rootObject = 379945A02503BD6500172BDB /* Project object */;
}
