// !$*UTF8*$!
{
	archiveVersion = 1;
	classes = {
	};
	objectVersion = 50;
	objects = {

/* Begin PBXBuildFile section */
		379945AC2503BD6500172BDB /* AppDelegate.swift in Sources */ = {isa = PBXBuildFile; fileRef = 379945AB2503BD6500172BDB /* AppDelegate.swift */; };
		379945AE2503BD6500172BDB /* SceneDelegate.swift in Sources */ = {isa = PBXBuildFile; fileRef = 379945AD2503BD6500172BDB /* SceneDelegate.swift */; };
		379945B02503BD6500172BDB /* ViewController.swift in Sources */ = {isa = PBXBuildFile; fileRef = 379945AF2503BD6500172BDB /* ViewController.swift */; };
		379945B32503BD6500172BDB /* Main.storyboard in Resources */ = {isa = PBXBuildFile; fileRef = 379945B12503BD6500172BDB /* Main.storyboard */; };
		379945B62503BD6500172BDB /* TrackEnsure.xcdatamodeld in Sources */ = {isa = PBXBuildFile; fileRef = 379945B42503BD6500172BDB /* TrackEnsure.xcdatamodeld */; };
		379945B82503BD6900172BDB /* Assets.xcassets in Resources */ = {isa = PBXBuildFile; fileRef = 379945B72503BD6900172BDB /* Assets.xcassets */; };
		379945BB2503BD6900172BDB /* LaunchScreen.storyboard in Resources */ = {isa = PBXBuildFile; fileRef = 379945B92503BD6900172BDB /* LaunchScreen.storyboard */; };
/* End PBXBuildFile section */

/* Begin PBXFileReference section */
		379945A82503BD6500172BDB /* TrackEnsure.app */ = {isa = PBXFileReference; explicitFileType = wrapper.application; includeInIndex = 0; path = TrackEnsure.app; sourceTree = BUILT_PRODUCTS_DIR; };
		379945AB2503BD6500172BDB /* AppDelegate.swift */ = {isa = PBXFileReference; lastKnownFileType = sourcecode.swift; path = AppDelegate.swift; sourceTree = "<group>"; };
		379945AD2503BD6500172BDB /* SceneDelegate.swift */ = {isa = PBXFileReference; lastKnownFileType = sourcecode.swift; path = SceneDelegate.swift; sourceTree = "<group>"; };
		379945AF2503BD6500172BDB /* ViewController.swift */ = {isa = PBXFileReference; lastKnownFileType = sourcecode.swift; path = ViewController.swift; sourceTree = "<group>"; };
		379945B22503BD6500172BDB /* Base */ = {isa = PBXFileReference; lastKnownFileType = file.storyboard; name = Base; path = Base.lproj/Main.storyboard; sourceTree = "<group>"; };
		379945B52503BD6500172BDB /* TrackEnsure.xcdatamodel */ = {isa = PBXFileReference; lastKnownFileType = wrapper.xcdatamodel; path = TrackEnsure.xcdatamodel; sourceTree = "<group>"; };
		379945B72503BD6900172BDB /* Assets.xcassets */ = {isa = PBXFileReference; lastKnownFileType = folder.assetcatalog; path = Assets.xcassets; sourceTree = "<group>"; };
		379945BA2503BD6900172BDB /* Base */ = {isa = PBXFileReference; lastKnownFileType = file.storyboard; name = Base; path = Base.lproj/LaunchScreen.storyboard; sourceTree = "<group>"; };
		379945BC2503BD6900172BDB /* Info.plist */ = {isa = PBXFileReference; lastKnownFileType = text.plist.xml; path = Info.plist; sourceTree = "<group>"; };
/* End PBXFileReference section */

/* Begin PBXFrameworksBuildPhase section */
		379945A52503BD6500172BDB /* Frameworks */ = {
			isa = PBXFrameworksBuildPhase;
			buildActionMask = 2147483647;
			files = (
			);
			runOnlyForDeploymentPostprocessing = 0;
		};
/* End PBXFrameworksBuildPhase section */

/* Begin PBXGroup section */
		3799459F2503BD6500172BDB = {
			isa = PBXGroup;
			children = (
				379945AA2503BD6500172BDB /* TrackEnsure */,
				379945A92503BD6500172BDB /* Products */,
			);
			sourceTree = "<group>";
		};
		379945A92503BD6500172BDB /* Products */ = {
			isa = PBXGroup;
			children = (
				379945A82503BD6500172BDB /* TrackEnsure.app */,
			);
			name = Products;
			sourceTree = "<group>";
		};
		379945AA2503BD6500172BDB /* TrackEnsure */ = {
			isa = PBXGroup;
			children = (
				379945AB2503BD6500172BDB /* AppDelegate.swift */,
				379945AD2503BD6500172BDB /* SceneDelegate.swift */,
				379945AF2503BD6500172BDB /* ViewController.swift */,
				379945B12503BD6500172BDB /* Main.storyboard */,
				379945B72503BD6900172BDB /* Assets.xcassets */,
				379945B92503BD6900172BDB /* LaunchScreen.storyboard */,
				379945BC2503BD6900172BDB /* Info.plist */,
				379945B42503BD6500172BDB /* TrackEnsure.xcdatamodeld */,
			);
			path = TrackEnsure;
			sourceTree = "<group>";
		};
/* End PBXGroup section */

/* Begin PBXNativeTarget section */
		379945A72503BD6500172BDB /* TrackEnsure */ = {
			isa = PBXNativeTarget;
			buildConfigurationList = 379945BF2503BD6900172BDB /* Build configuration list for PBXNativeTarget "TrackEnsure" */;
			buildPhases = (
				379945A42503BD6500172BDB /* Sources */,
				379945A52503BD6500172BDB /* Frameworks */,
				379945A62503BD6500172BDB /* Resources */,
			);
			buildRules = (
			);
			dependencies = (
			);
			name = TrackEnsure;
			productName = TrackEnsure;
			productReference = 379945A82503BD6500172BDB /* TrackEnsure.app */;
			productType = "com.apple.product-type.application";
		};
/* End PBXNativeTarget section */

/* Begin PBXProject section */
		379945A02503BD6500172BDB /* Project object */ = {
			isa = PBXProject;
			attributes = {
				LastSwiftUpdateCheck = 1170;
				LastUpgradeCheck = 1170;
				ORGANIZATIONNAME = "Денис Андриевский";
				TargetAttributes = {
					379945A72503BD6500172BDB = {
						CreatedOnToolsVersion = 11.7;
					};
				};
			};
			buildConfigurationList = 379945A32503BD6500172BDB /* Build configuration list for PBXProject "TrackEnsure" */;
			compatibilityVersion = "Xcode 9.3";
			developmentRegion = en;
			hasScannedForEncodings = 0;
			knownRegions = (
				en,
				Base,
			);
			mainGroup = 3799459F2503BD6500172BDB;
			productRefGroup = 379945A92503BD6500172BDB /* Products */;
			projectDirPath = "";
			projectRoot = "";
			targets = (
				379945A72503BD6500172BDB /* TrackEnsure */,
			);
		};
/* End PBXProject section */

/* Begin PBXResourcesBuildPhase section */
		379945A62503BD6500172BDB /* Resources */ = {
			isa = PBXResourcesBuildPhase;
			buildActionMask = 2147483647;
			files = (
				379945BB2503BD6900172BDB /* LaunchScreen.storyboard in Resources */,
				379945B82503BD6900172BDB /* Assets.xcassets in Resources */,
				379945B32503BD6500172BDB /* Main.storyboard in Resources */,
			);
			runOnlyForDeploymentPostprocessing = 0;
		};
/* End PBXResourcesBuildPhase section */

/* Begin PBXSourcesBuildPhase section */
		379945A42503BD6500172BDB /* Sources */ = {
			isa = PBXSourcesBuildPhase;
			buildActionMask = 2147483647;
			files = (
				379945B02503BD6500172BDB /* ViewController.swift in Sources */,
				379945AC2503BD6500172BDB /* AppDelegate.swift in Sources */,
				379945AE2503BD6500172BDB /* SceneDelegate.swift in Sources */,
				379945B62503BD6500172BDB /* TrackEnsure.xcdatamodeld in Sources */,
			);
			runOnlyForDeploymentPostprocessing = 0;
		};
/* End PBXSourcesBuildPhase section */

/* Begin PBXVariantGroup section */
		379945B12503BD6500172BDB /* Main.storyboard */ = {
			isa = PBXVariantGroup;
			children = (
				379945B22503BD6500172BDB /* Base */,
			);
			name = Main.storyboard;
			sourceTree = "<group>";
		};
		379945B92503BD6900172BDB /* LaunchScreen.storyboard */ = {
			isa = PBXVariantGroup;
			children = (
				379945BA2503BD6900172BDB /* Base */,
			);
			name = LaunchScreen.storyboard;
			sourceTree = "<group>";
		};
/* End PBXVariantGroup section */

/* Begin XCBuildConfiguration section */
		379945BD2503BD6900172BDB /* Debug */ = {
			isa = XCBuildConfiguration;
			buildSettings = {
				ALWAYS_SEARCH_USER_PATHS = NO;
				CLANG_ANALYZER_NONNULL = YES;
				CLANG_ANALYZER_NUMBER_OBJECT_CONVERSION = YES_AGGRESSIVE;
				CLANG_CXX_LANGUAGE_STANDARD = "gnu++14";
				CLANG_CXX_LIBRARY = "libc++";
				CLANG_ENABLE_MODULES = YES;
				CLANG_ENABLE_OBJC_ARC = YES;
				CLANG_ENABLE_OBJC_WEAK = YES;
				CLANG_WARN_BLOCK_CAPTURE_AUTORELEASING = YES;
				CLANG_WARN_BOOL_CONVERSION = YES;
				CLANG_WARN_COMMA = YES;
				CLANG_WARN_CONSTANT_CONVERSION = YES;
				CLANG_WARN_DEPRECATED_OBJC_IMPLEMENTATIONS = YES;
				CLANG_WARN_DIRECT_OBJC_ISA_USAGE = YES_ERROR;
				CLANG_WARN_DOCUMENTATION_COMMENTS = YES;
				CLANG_WARN_EMPTY_BODY = YES;
				CLANG_WARN_ENUM_CONVERSION = YES;
				CLANG_WARN_INFINITE_RECURSION = YES;
				CLANG_WARN_INT_CONVERSION = YES;
				CLANG_WARN_NON_LITERAL_NULL_CONVERSION = YES;
				CLANG_WARN_OBJC_IMPLICIT_RETAIN_SELF = YES;
				CLANG_WARN_OBJC_LITERAL_CONVERSION = YES;
				CLANG_WARN_OBJC_ROOT_CLASS = YES_ERROR;
				CLANG_WARN_RANGE_LOOP_ANALYSIS = YES;
				CLANG_WARN_STRICT_PROTOTYPES = YES;
				CLANG_WARN_SUSPICIOUS_MOVE = YES;
				CLANG_WARN_UNGUARDED_AVAILABILITY = YES_AGGRESSIVE;
				CLANG_WARN_UNREACHABLE_CODE = YES;
				CLANG_WARN__DUPLICATE_METHOD_MATCH = YES;
				COPY_PHASE_STRIP = NO;
				DEBUG_INFORMATION_FORMAT = dwarf;
				ENABLE_STRICT_OBJC_MSGSEND = YES;
				ENABLE_TESTABILITY = YES;
				GCC_C_LANGUAGE_STANDARD = gnu11;
				GCC_DYNAMIC_NO_PIC = NO;
				GCC_NO_COMMON_BLOCKS = YES;
				GCC_OPTIMIZATION_LEVEL = 0;
				GCC_PREPROCESSOR_DEFINITIONS = (
					"DEBUG=1",
					"$(inherited)",
				);
				GCC_WARN_64_TO_32_BIT_CONVERSION = YES;
				GCC_WARN_ABOUT_RETURN_TYPE = YES_ERROR;
				GCC_WARN_UNDECLARED_SELECTOR = YES;
				GCC_WARN_UNINITIALIZED_AUTOS = YES_AGGRESSIVE;
				GCC_WARN_UNUSED_FUNCTION = YES;
				GCC_WARN_UNUSED_VARIABLE = YES;
				IPHONEOS_DEPLOYMENT_TARGET = 13.7;
				MTL_ENABLE_DEBUG_INFO = INCLUDE_SOURCE;
				MTL_FAST_MATH = YES;
				ONLY_ACTIVE_ARCH = YES;
				SDKROOT = iphoneos;
				SWIFT_ACTIVE_COMPILATION_CONDITIONS = DEBUG;
				SWIFT_OPTIMIZATION_LEVEL = "-Onone";
			};
			name = Debug;
		};
		379945BE2503BD6900172BDB /* Release */ = {
			isa = XCBuildConfiguration;
			buildSettings = {
				ALWAYS_SEARCH_USER_PATHS = NO;
				CLANG_ANALYZER_NONNULL = YES;
				CLANG_ANALYZER_NUMBER_OBJECT_CONVERSION = YES_AGGRESSIVE;
				CLANG_CXX_LANGUAGE_STANDARD = "gnu++14";
				CLANG_CXX_LIBRARY = "libc++";
				CLANG_ENABLE_MODULES = YES;
				CLANG_ENABLE_OBJC_ARC = YES;
				CLANG_ENABLE_OBJC_WEAK = YES;
				CLANG_WARN_BLOCK_CAPTURE_AUTORELEASING = YES;
				CLANG_WARN_BOOL_CONVERSION = YES;
				CLANG_WARN_COMMA = YES;
				CLANG_WARN_CONSTANT_CONVERSION = YES;
				CLANG_WARN_DEPRECATED_OBJC_IMPLEMENTATIONS = YES;
				CLANG_WARN_DIRECT_OBJC_ISA_USAGE = YES_ERROR;
				CLANG_WARN_DOCUMENTATION_COMMENTS = YES;
				CLANG_WARN_EMPTY_BODY = YES;
				CLANG_WARN_ENUM_CONVERSION = YES;
				CLANG_WARN_INFINITE_RECURSION = YES;
				CLANG_WARN_INT_CONVERSION = YES;
				CLANG_WARN_NON_LITERAL_NULL_CONVERSION = YES;
				CLANG_WARN_OBJC_IMPLICIT_RETAIN_SELF = YES;
				CLANG_WARN_OBJC_LITERAL_CONVERSION = YES;
				CLANG_WARN_OBJC_ROOT_CLASS = YES_ERROR;
				CLANG_WARN_RANGE_LOOP_ANALYSIS = YES;
				CLANG_WARN_STRICT_PROTOTYPES = YES;
				CLANG_WARN_SUSPICIOUS_MOVE = YES;
				CLANG_WARN_UNGUARDED_AVAILABILITY = YES_AGGRESSIVE;
				CLANG_WARN_UNREACHABLE_CODE = YES;
				CLANG_WARN__DUPLICATE_METHOD_MATCH = YES;
				COPY_PHASE_STRIP = NO;
				DEBUG_INFORMATION_FORMAT = "dwarf-with-dsym";
				ENABLE_NS_ASSERTIONS = NO;
				ENABLE_STRICT_OBJC_MSGSEND = YES;
				GCC_C_LANGUAGE_STANDARD = gnu11;
				GCC_NO_COMMON_BLOCKS = YES;
				GCC_WARN_64_TO_32_BIT_CONVERSION = YES;
				GCC_WARN_ABOUT_RETURN_TYPE = YES_ERROR;
				GCC_WARN_UNDECLARED_SELECTOR = YES;
				GCC_WARN_UNINITIALIZED_AUTOS = YES_AGGRESSIVE;
				GCC_WARN_UNUSED_FUNCTION = YES;
				GCC_WARN_UNUSED_VARIABLE = YES;
				IPHONEOS_DEPLOYMENT_TARGET = 13.7;
				MTL_ENABLE_DEBUG_INFO = NO;
				MTL_FAST_MATH = YES;
				SDKROOT = iphoneos;
				SWIFT_COMPILATION_MODE = wholemodule;
				SWIFT_OPTIMIZATION_LEVEL = "-O";
				VALIDATE_PRODUCT = YES;
			};
			name = Release;
		};
		379945C02503BD6900172BDB /* Debug */ = {
			isa = XCBuildConfiguration;
			buildSettings = {
				ASSETCATALOG_COMPILER_APPICON_NAME = AppIcon;
				CODE_SIGN_STYLE = Automatic;
				DEVELOPMENT_TEAM = 452BPWXS55;
				INFOPLIST_FILE = TrackEnsure/Info.plist;
				IPHONEOS_DEPLOYMENT_TARGET = 13.0;
				LD_RUNPATH_SEARCH_PATHS = (
					"$(inherited)",
					"@executable_path/Frameworks",
				);
				PRODUCT_BUNDLE_IDENTIFIER = com.den444ick.TrackEnsure;
				PRODUCT_NAME = "$(TARGET_NAME)";
				SWIFT_VERSION = 5.0;
				TARGETED_DEVICE_FAMILY = 1;
			};
			name = Debug;
		};
		379945C12503BD6900172BDB /* Release */ = {
			isa = XCBuildConfiguration;
			buildSettings = {
				ASSETCATALOG_COMPILER_APPICON_NAME = AppIcon;
				CODE_SIGN_STYLE = Automatic;
				DEVELOPMENT_TEAM = 452BPWXS55;
				INFOPLIST_FILE = TrackEnsure/Info.plist;
				IPHONEOS_DEPLOYMENT_TARGET = 13.0;
				LD_RUNPATH_SEARCH_PATHS = (
					"$(inherited)",
					"@executable_path/Frameworks",
				);
				PRODUCT_BUNDLE_IDENTIFIER = com.den444ick.TrackEnsure;
				PRODUCT_NAME = "$(TARGET_NAME)";
				SWIFT_VERSION = 5.0;
				TARGETED_DEVICE_FAMILY = 1;
			};
			name = Release;
		};
/* End XCBuildConfiguration section */

/* Begin XCConfigurationList section */
		379945A32503BD6500172BDB /* Build configuration list for PBXProject "TrackEnsure" */ = {
			isa = XCConfigurationList;
			buildConfigurations = (
				379945BD2503BD6900172BDB /* Debug */,
				379945BE2503BD6900172BDB /* Release */,
			);
			defaultConfigurationIsVisible = 0;
			defaultConfigurationName = Release;
		};
		379945BF2503BD6900172BDB /* Build configuration list for PBXNativeTarget "TrackEnsure" */ = {
			isa = XCConfigurationList;
			buildConfigurations = (
				379945C02503BD6900172BDB /* Debug */,
				379945C12503BD6900172BDB /* Release */,
			);
			defaultConfigurationIsVisible = 0;
			defaultConfigurationName = Release;
		};
/* End XCConfigurationList section */

/* Begin XCVersionGroup section */
		379945B42503BD6500172BDB /* TrackEnsure.xcdatamodeld */ = {
			isa = XCVersionGroup;
			children = (
				379945B52503BD6500172BDB /* TrackEnsure.xcdatamodel */,
			);
			currentVersion = 379945B52503BD6500172BDB /* TrackEnsure.xcdatamodel */;
			path = TrackEnsure.xcdatamodeld;
			sourceTree = "<group>";
			versionGroupType = wrapper.xcdatamodel;
		};
/* End XCVersionGroup section */
	};
	rootObject = 379945A02503BD6500172BDB /* Project object */;
}
